
Microsoft Visual Studio Solution File, Format Version 10.00
# Visual Studio 2008
Project("{FAE04EC0-301F-11D3-BF4B-00C04F79EFBC}") = "TestSolution", "TestSolution\TestSolution.csproj", "{36F8C06F-3BBA-4D11-9333-83573A760284}"
EndProject
Global
	GlobalSection(SolutionConfigurationPlatforms) = preSolution
		Debug|Any CPU = Debug|Any CPU
		Release|Any CPU = Release|Any CPU
	EndGlobalSection
	GlobalSection(ProjectConfigurationPlatforms) = postSolution
		{36F8C06F-3BBA-4D11-9333-83573A760284}.Debug|Any CPU.ActiveCfg = Debug|Any CPU
		{36F8C06F-3BBA-4D11-9333-83573A760284}.Debug|Any CPU.Build.0 = Debug|Any CPU
		{36F8C06F-3BBA-4D11-9333-83573A760284}.Release|Any CPU.ActiveCfg = Release|Any CPU
		{36F8C06F-3BBA-4D11-9333-83573A760284}.Release|Any CPU.Build.0 = Release|Any CPU
	EndGlobalSection
	GlobalSection(SolutionProperties) = preSolution
		HideSolutionNode = FALSE
	EndGlobalSection
EndGlobal
