
Microsoft Visual Studio Solution File, Format Version 11.00
# Visual Studio 2010
Project("{FAE04EC0-301F-11D3-BF4B-00C04F79EFBC}") = "TestSolution.MSDeploy", "TestSolution.MSDeploy\TestSolution.MSDeploy.csproj", "{A163277B-5E6C-4643-B212-3EA2ABEB3833}"
EndProject
Global
	GlobalSection(SolutionConfigurationPlatforms) = preSolution
		Debug|Any CPU = Debug|Any CPU
		Release|Any CPU = Release|Any CPU
	EndGlobalSection
	GlobalSection(ProjectConfigurationPlatforms) = postSolution
		{A163277B-5E6C-4643-B212-3EA2ABEB3833}.Debug|Any CPU.ActiveCfg = Debug|Any CPU
		{A163277B-5E6C-4643-B212-3EA2ABEB3833}.Debug|Any CPU.Build.0 = Debug|Any CPU
		{A163277B-5E6C-4643-B212-3EA2ABEB3833}.Release|Any CPU.ActiveCfg = Release|Any CPU
		{A163277B-5E6C-4643-B212-3EA2ABEB3833}.Release|Any CPU.Build.0 = Release|Any CPU
	EndGlobalSection
	GlobalSection(SolutionProperties) = preSolution
		HideSolutionNode = FALSE
	EndGlobalSection
EndGlobal
