
Microsoft Visual Studio Solution File, Format Version 10.00
# Visual Studio 2008
Project("{FAE04EC0-301F-11D3-BF4B-00C04F79EFBC}") = "ConsoleTestApp", "ConsoleTestApp\ConsoleTestApp.csproj", "{6EC29C15-BC76-44B8-A313-A3461469C18A}"
EndProject
Project("{FAE04EC0-301F-11D3-BF4B-00C04F79EFBC}") = "BusinessObjects", "BusinessObjects\BusinessObjects.csproj", "{55666266-76A7-486A-B8F5-CCDBB8CFDB53}"
EndProject
Project("{FAE04EC0-301F-11D3-BF4B-00C04F79EFBC}") = "SampleLogic", "SampleLogic\SampleLogic.csproj", "{63FE4808-E9E8-4A4D-B963-CBFEDD291F47}"
EndProject
Global
	GlobalSection(SolutionConfigurationPlatforms) = preSolution
		Debug|Any CPU = Debug|Any CPU
		Release|Any CPU = Release|Any CPU
	EndGlobalSection
	GlobalSection(ProjectConfigurationPlatforms) = postSolution
		{6EC29C15-BC76-44B8-A313-A3461469C18A}.Debug|Any CPU.ActiveCfg = Debug|Any CPU
		{6EC29C15-BC76-44B8-A313-A3461469C18A}.Debug|Any CPU.Build.0 = Debug|Any CPU
		{6EC29C15-BC76-44B8-A313-A3461469C18A}.Release|Any CPU.ActiveCfg = Release|Any CPU
		{6EC29C15-BC76-44B8-A313-A3461469C18A}.Release|Any CPU.Build.0 = Release|Any CPU
		{55666266-76A7-486A-B8F5-CCDBB8CFDB53}.Debug|Any CPU.ActiveCfg = Debug|Any CPU
		{55666266-76A7-486A-B8F5-CCDBB8CFDB53}.Debug|Any CPU.Build.0 = Debug|Any CPU
		{55666266-76A7-486A-B8F5-CCDBB8CFDB53}.Release|Any CPU.ActiveCfg = Release|Any CPU
		{55666266-76A7-486A-B8F5-CCDBB8CFDB53}.Release|Any CPU.Build.0 = Release|Any CPU
		{63FE4808-E9E8-4A4D-B963-CBFEDD291F47}.Debug|Any CPU.ActiveCfg = Debug|Any CPU
		{63FE4808-E9E8-4A4D-B963-CBFEDD291F47}.Debug|Any CPU.Build.0 = Debug|Any CPU
		{63FE4808-E9E8-4A4D-B963-CBFEDD291F47}.Release|Any CPU.ActiveCfg = Release|Any CPU
		{63FE4808-E9E8-4A4D-B963-CBFEDD291F47}.Release|Any CPU.Build.0 = Release|Any CPU
	EndGlobalSection
	GlobalSection(SolutionProperties) = preSolution
		HideSolutionNode = FALSE
	EndGlobalSection
EndGlobal
